
Microsoft Visual Studio Solution File, Format Version 12.00
# Visual Studio Version 17
VisualStudioVersion = 17.4.33403.182
MinimumVisualStudioVersion = 10.0.40219.1
Project("{FAE04EC0-301F-11D3-BF4B-00C04F79EFBC}") = "DAL", "DAL\DAL.csproj", "{6894C16B-5FAF-4796-B2C6-6D8D83B1AADA}"
EndProject
Project("{FAE04EC0-301F-11D3-BF4B-00C04F79EFBC}") = "Common", "Common\Common.csproj", "{35DEEDB6-31C3-48CE-A09E-EEA0AB80F73C}"
EndProject
Project("{FAE04EC0-301F-11D3-BF4B-00C04F79EFBC}") = "API", "API\API.csproj", "{24415A57-90E6-4FEF-98AC-5DD2E5D5EF45}"
EndProject
Project("{FAE04EC0-301F-11D3-BF4B-00C04F79EFBC}") = "Tests", "Tests\Tests.csproj", "{C6AE38AF-78AA-4DA6-9076-C5728EC7F3FB}"
EndProject
Project("{FAE04EC0-301F-11D3-BF4B-00C04F79EFBC}") = "BLL", "BLL\BLL.csproj", "{97FE113E-340C-4D0B-AF79-F12495DDD0A3}"
EndProject
Global
	GlobalSection(SolutionConfigurationPlatforms) = preSolution
		Debug|Any CPU = Debug|Any CPU
		Release|Any CPU = Release|Any CPU
	EndGlobalSection
	GlobalSection(ProjectConfigurationPlatforms) = postSolution
		{6894C16B-5FAF-4796-B2C6-6D8D83B1AADA}.Debug|Any CPU.ActiveCfg = Debug|Any CPU
		{6894C16B-5FAF-4796-B2C6-6D8D83B1AADA}.Debug|Any CPU.Build.0 = Debug|Any CPU
		{6894C16B-5FAF-4796-B2C6-6D8D83B1AADA}.Release|Any CPU.ActiveCfg = Release|Any CPU
		{6894C16B-5FAF-4796-B2C6-6D8D83B1AADA}.Release|Any CPU.Build.0 = Release|Any CPU
		{35DEEDB6-31C3-48CE-A09E-EEA0AB80F73C}.Debug|Any CPU.ActiveCfg = Debug|Any CPU
		{35DEEDB6-31C3-48CE-A09E-EEA0AB80F73C}.Debug|Any CPU.Build.0 = Debug|Any CPU
		{35DEEDB6-31C3-48CE-A09E-EEA0AB80F73C}.Release|Any CPU.ActiveCfg = Release|Any CPU
		{35DEEDB6-31C3-48CE-A09E-EEA0AB80F73C}.Release|Any CPU.Build.0 = Release|Any CPU
		{24415A57-90E6-4FEF-98AC-5DD2E5D5EF45}.Debug|Any CPU.ActiveCfg = Debug|Any CPU
		{24415A57-90E6-4FEF-98AC-5DD2E5D5EF45}.Debug|Any CPU.Build.0 = Debug|Any CPU
		{24415A57-90E6-4FEF-98AC-5DD2E5D5EF45}.Release|Any CPU.ActiveCfg = Release|Any CPU
		{24415A57-90E6-4FEF-98AC-5DD2E5D5EF45}.Release|Any CPU.Build.0 = Release|Any CPU
		{C6AE38AF-78AA-4DA6-9076-C5728EC7F3FB}.Debug|Any CPU.ActiveCfg = Debug|Any CPU
		{C6AE38AF-78AA-4DA6-9076-C5728EC7F3FB}.Debug|Any CPU.Build.0 = Debug|Any CPU
		{C6AE38AF-78AA-4DA6-9076-C5728EC7F3FB}.Release|Any CPU.ActiveCfg = Release|Any CPU
		{C6AE38AF-78AA-4DA6-9076-C5728EC7F3FB}.Release|Any CPU.Build.0 = Release|Any CPU
		{97FE113E-340C-4D0B-AF79-F12495DDD0A3}.Debug|Any CPU.ActiveCfg = Debug|Any CPU
		{97FE113E-340C-4D0B-AF79-F12495DDD0A3}.Debug|Any CPU.Build.0 = Debug|Any CPU
		{97FE113E-340C-4D0B-AF79-F12495DDD0A3}.Release|Any CPU.ActiveCfg = Release|Any CPU
		{97FE113E-340C-4D0B-AF79-F12495DDD0A3}.Release|Any CPU.Build.0 = Release|Any CPU
	EndGlobalSection
	GlobalSection(SolutionProperties) = preSolution
		HideSolutionNode = FALSE
	EndGlobalSection
	GlobalSection(ExtensibilityGlobals) = postSolution
		SolutionGuid = {6B162F4C-CE72-4D2D-9A25-41DF68994BA5}
	EndGlobalSection
EndGlobal
